
Microsoft Visual Studio Solution File, Format Version 12.00
# Visual Studio Version 17
VisualStudioVersion = 17.3.32819.101
MinimumVisualStudioVersion = 10.0.40219.1
Project("{FAE04EC0-301F-11D3-BF4B-00C04F79EFBC}") = "Painter", "Painter.csproj", "{48E03A90-E8BB-4DBB-BD69-D4C140F16B44}"
EndProject
Global
	GlobalSection(SolutionConfigurationPlatforms) = preSolution
		Debug|Any CPU = Debug|Any CPU
		Release|Any CPU = Release|Any CPU
	EndGlobalSection
	GlobalSection(ProjectConfigurationPlatforms) = postSolution
		{48E03A90-E8BB-4DBB-BD69-D4C140F16B44}.Debug|Any CPU.ActiveCfg = Debug|Any CPU
		{48E03A90-E8BB-4DBB-BD69-D4C140F16B44}.Debug|Any CPU.Build.0 = Debug|Any CPU
		{48E03A90-E8BB-4DBB-BD69-D4C140F16B44}.Release|Any CPU.ActiveCfg = Release|Any CPU
		{48E03A90-E8BB-4DBB-BD69-D4C140F16B44}.Release|Any CPU.Build.0 = Release|Any CPU
	EndGlobalSection
	GlobalSection(SolutionProperties) = preSolution
		HideSolutionNode = FALSE
	EndGlobalSection
	GlobalSection(ExtensibilityGlobals) = postSolution
		SolutionGuid = {623387CD-9427-4143-A456-BC85EF6330A4}
	EndGlobalSection
EndGlobal
